
Microsoft Visual Studio Solution File, Format Version 12.00
# Visual Studio Version 17
VisualStudioVersion = 17.8.34511.84
MinimumVisualStudioVersion = 10.0.40219.1
Project("{8BC9CEB8-8B4A-11D0-8D11-00A0C91BC942}") = "SilentPatchIII", "SilentPatchIII\SilentPatchIII.vcxproj", "{652975D8-60B0-48E4-A973-4F10BA54FFCB}"
EndProject
Project("{8BC9CEB8-8B4A-11D0-8D11-00A0C91BC942}") = "SilentPatchSA", "SilentPatchSA\SilentPatchSA.vcxproj", "{D3E18BC0-A120-451D-A16A-F77072625D66}"
EndProject
Project("{8BC9CEB8-8B4A-11D0-8D11-00A0C91BC942}") = "SilentPatchVC", "SilentPatchVC\SilentPatchVC.vcxproj", "{374D4CB4-548A-4DA0-AB68-8EA356424626}"
EndProject
Project("{8BC9CEB8-8B4A-11D0-8D11-00A0C91BC942}") = "DDraw", "DDraw\DDraw.vcxproj", "{537CF8A1-86B9-49C7-8408-C70657543AF7}"
EndProject
Global
	GlobalSection(SolutionConfigurationPlatforms) = preSolution
		Debug|Win32 = Debug|Win32
		Release|Win32 = Release|Win32
		Shipping|Win32 = Shipping|Win32
	EndGlobalSection
	GlobalSection(ProjectConfigurationPlatforms) = postSolution
		{652975D8-60B0-48E4-A973-4F10BA54FFCB}.Debug|Win32.ActiveCfg = Debug|Win32
		{652975D8-60B0-48E4-A973-4F10BA54FFCB}.Debug|Win32.Build.0 = Debug|Win32
		{652975D8-60B0-48E4-A973-4F10BA54FFCB}.Debug|Win32.Deploy.0 = Debug|Win32
		{652975D8-60B0-48E4-A973-4F10BA54FFCB}.Release|Win32.ActiveCfg = Release|Win32
		{652975D8-60B0-48E4-A973-4F10BA54FFCB}.Release|Win32.Build.0 = Release|Win32
		{652975D8-60B0-48E4-A973-4F10BA54FFCB}.Shipping|Win32.ActiveCfg = Shipping|Win32
		{652975D8-60B0-48E4-A973-4F10BA54FFCB}.Shipping|Win32.Build.0 = Shipping|Win32
		{D3E18BC0-A120-451D-A16A-F77072625D66}.Debug|Win32.ActiveCfg = Debug|Win32
		{D3E18BC0-A120-451D-A16A-F77072625D66}.Debug|Win32.Build.0 = Debug|Win32
		{D3E18BC0-A120-451D-A16A-F77072625D66}.Debug|Win32.Deploy.0 = Debug|Win32
		{D3E18BC0-A120-451D-A16A-F77072625D66}.Release|Win32.ActiveCfg = Release|Win32
		{D3E18BC0-A120-451D-A16A-F77072625D66}.Release|Win32.Build.0 = Release|Win32
		{D3E18BC0-A120-451D-A16A-F77072625D66}.Shipping|Win32.ActiveCfg = Shipping|Win32
		{D3E18BC0-A120-451D-A16A-F77072625D66}.Shipping|Win32.Build.0 = Shipping|Win32
		{374D4CB4-548A-4DA0-AB68-8EA356424626}.Debug|Win32.ActiveCfg = Debug|Win32
		{374D4CB4-548A-4DA0-AB68-8EA356424626}.Debug|Win32.Build.0 = Debug|Win32
		{374D4CB4-548A-4DA0-AB68-8EA356424626}.Debug|Win32.Deploy.0 = Debug|Win32
		{374D4CB4-548A-4DA0-AB68-8EA356424626}.Release|Win32.ActiveCfg = Release|Win32
		{374D4CB4-548A-4DA0-AB68-8EA356424626}.Release|Win32.Build.0 = Release|Win32
		{374D4CB4-548A-4DA0-AB68-8EA356424626}.Shipping|Win32.ActiveCfg = Shipping|Win32
		{374D4CB4-548A-4DA0-AB68-8EA356424626}.Shipping|Win32.Build.0 = Shipping|Win32
		{537CF8A1-86B9-49C7-8408-C70657543AF7}.Debug|Win32.ActiveCfg = Debug|Win32
		{537CF8A1-86B9-49C7-8408-C70657543AF7}.Debug|Win32.Build.0 = Debug|Win32
		{537CF8A1-86B9-49C7-8408-C70657543AF7}.Release|Win32.ActiveCfg = Release|Win32
		{537CF8A1-86B9-49C7-8408-C70657543AF7}.Release|Win32.Build.0 = Release|Win32
		{537CF8A1-86B9-49C7-8408-C70657543AF7}.Shipping|Win32.ActiveCfg = Shipping|Win32
		{537CF8A1-86B9-49C7-8408-C70657543AF7}.Shipping|Win32.Build.0 = Shipping|Win32
	EndGlobalSection
	GlobalSection(SolutionProperties) = preSolution
		HideSolutionNode = FALSE
	EndGlobalSection
	GlobalSection(ExtensibilityGlobals) = postSolution
		SolutionGuid = {D0F34D6C-5709-4FE9-828C-CE820B13E4EE}
	EndGlobalSection
EndGlobal
