<?xml version="1.0" encoding="utf-8"?>
<Project ToolsVersion="4.0" xmlns="http://schemas.microsoft.com/developer/msbuild/2003">
  <ItemGroup>
    <Filter Include="Source Files">
      <UniqueIdentifier>{4FC737F1-C7A5-4376-A066-2A32D752A2FF}</UniqueIdentifier>
      <Extensions>cpp;c;cc;cxx;def;odl;idl;hpj;bat;asm;asmx</Extensions>
    </Filter>
    <Filter Include="Header Files">
      <UniqueIdentifier>{93995380-89BD-4b04-88EB-625FBE52EBFB}</UniqueIdentifier>
      <Extensions>h;hpp;hxx;hm;inl;inc;xsd</Extensions>
    </Filter>
    <Filter Include="Resource Files">
      <UniqueIdentifier>{67DA6AB6-F800-4c08-8B7A-83BB121AAD01}</UniqueIdentifier>
      <Extensions>rc;ico;cur;bmp;dlg;rc2;rct;bin;rgs;gif;jpg;jpeg;jpe;resx;tiff;tif;png;wav;mfcribbon-ms</Extensions>
    </Filter>
    <Filter Include="Shaders">
      <UniqueIdentifier>{729e19b1-4747-44c3-b99e-1ecc383d1cad}</UniqueIdentifier>
    </Filter>
    <Filter Include="Header Files\FLAC">
      <UniqueIdentifier>{57615a2f-8bc4-461f-b9f6-86d5f8286d7a}</UniqueIdentifier>
    </Filter>
  </ItemGroup>
  <ItemGroup>
    <ClCompile Include="..\SilentPatch\dllmain.cpp">
      <Filter>Source Files</Filter>
    </ClCompile>
    <ClCompile Include="..\SilentPatch\General.cpp">
      <Filter>Source Files</Filter>
    </ClCompile>
    <ClCompile Include="..\SilentPatch\Vehicle.cpp">
      <Filter>Source Files</Filter>
    </ClCompile>
    <ClCompile Include="..\SilentPatch\StdAfx.cpp">
      <Filter>Source Files</Filter>
    </ClCompile>
    <ClCompile Include="..\SilentPatch\Timer.cpp">
      <Filter>Source Files</Filter>
    </ClCompile>
    <ClCompile Include="..\SilentPatch\ModelInfoSA.cpp">
      <Filter>Source Files</Filter>
    </ClCompile>
    <ClCompile Include="..\SilentPatch\PNGFile.cpp">
      <Filter>Source Files</Filter>
    </ClCompile>
    <ClCompile Include="..\SilentPatch\AudioHardware.cpp">
      <Filter>Source Files</Filter>
    </ClCompile>
  </ItemGroup>
  <ItemGroup>
    <None Include="..\SilentPatch\win2000.asm">
      <Filter>Source Files</Filter>
    </None>
  </ItemGroup>
  <ItemGroup>
    <ClInclude Include="..\SilentPatch\MemoryMgr.h">
      <Filter>Header Files</Filter>
    </ClInclude>
    <ClInclude Include="..\SilentPatch\General.h">
      <Filter>Header Files</Filter>
    </ClInclude>
    <ClInclude Include="..\SilentPatch\Vehicle.h">
      <Filter>Header Files</Filter>
    </ClInclude>
    <ClInclude Include="..\SilentPatch\LinkList.h">
      <Filter>Header Files</Filter>
    </ClInclude>
    <ClInclude Include="..\SilentPatch\Maths.h">
      <Filter>Header Files</Filter>
    </ClInclude>
    <ClInclude Include="..\SilentPatch\StdAfx.h">
      <Filter>Header Files</Filter>
    </ClInclude>
    <ClInclude Include="..\SilentPatch\Timer.h">
      <Filter>Header Files</Filter>
    </ClInclude>
    <ClInclude Include="..\SilentPatch\ModelInfoSA.h">
      <Filter>Header Files</Filter>
    </ClInclude>
    <ClInclude Include="..\SilentPatch\PNGFile.h">
      <Filter>Header Files</Filter>
    </ClInclude>
    <ClInclude Include="..\SilentPatch\FLAC\callback.h">
      <Filter>Header Files\FLAC</Filter>
    </ClInclude>
    <ClInclude Include="..\SilentPatch\FLAC\export.h">
      <Filter>Header Files\FLAC</Filter>
    </ClInclude>
    <ClInclude Include="..\SilentPatch\FLAC\format.h">
      <Filter>Header Files\FLAC</Filter>
    </ClInclude>
    <ClInclude Include="..\SilentPatch\FLAC\metadata.h">
      <Filter>Header Files\FLAC</Filter>
    </ClInclude>
    <ClInclude Include="..\SilentPatch\FLAC\ordinals.h">
      <Filter>Header Files\FLAC</Filter>
    </ClInclude>
    <ClInclude Include="..\SilentPatch\FLAC\stream_decoder.h">
      <Filter>Header Files\FLAC</Filter>
    </ClInclude>
    <ClInclude Include="..\SilentPatch\AudioHardware.h">
      <Filter>Header Files</Filter>
    </ClInclude>
  </ItemGroup>
  <ItemGroup>
    <CustomBuild Include="..\SilentPatch\nvc.fx">
      <Filter>Shaders</Filter>
    </CustomBuild>
  </ItemGroup>
</Project>